
Microsoft Visual Studio Solution File, Format Version 12.00
# Visual Studio Version 17
VisualStudioVersion = 17.0.31919.166
MinimumVisualStudioVersion = 10.0.40219.1
Project("{FAE04EC0-301F-11D3-BF4B-00C04F79EFBC}") = "Training_Project", "Training_Project\Training_Project.csproj", "{22746652-1B3D-4AEA-8C8A-473E720F2021}"
EndProject
Global
	GlobalSection(SolutionConfigurationPlatforms) = preSolution
		Debug|Any CPU = Debug|Any CPU
		Release|Any CPU = Release|Any CPU
	EndGlobalSection
	GlobalSection(ProjectConfigurationPlatforms) = postSolution
		{22746652-1B3D-4AEA-8C8A-473E720F2021}.Debug|Any CPU.ActiveCfg = Debug|Any CPU
		{22746652-1B3D-4AEA-8C8A-473E720F2021}.Debug|Any CPU.Build.0 = Debug|Any CPU
		{22746652-1B3D-4AEA-8C8A-473E720F2021}.Release|Any CPU.ActiveCfg = Release|Any CPU
		{22746652-1B3D-4AEA-8C8A-473E720F2021}.Release|Any CPU.Build.0 = Release|Any CPU
	EndGlobalSection
	GlobalSection(SolutionProperties) = preSolution
		HideSolutionNode = FALSE
	EndGlobalSection
	GlobalSection(ExtensibilityGlobals) = postSolution
		SolutionGuid = {853E1F6B-641F-4E93-BE7F-C7517CD32CE2}
	EndGlobalSection
EndGlobal
